
Microsoft Visual Studio Solution File, Format Version 12.00
# Visual Studio 15
VisualStudioVersion = 15.0.27130.2020
MinimumVisualStudioVersion = 10.0.40219.1
Project("{FAE04EC0-301F-11D3-BF4B-00C04F79EFBC}") = "VTBoard", "VTBoard\VTBoard.csproj", "{4243FC51-D3AC-462A-A6BF-7B5EA6D13913}"
EndProject
Project("{FAE04EC0-301F-11D3-BF4B-00C04F79EFBC}") = "VTBoard.Android", "VTBoard.Android\VTBoard.Android.csproj", "{5EB019E1-24D5-4272-A98C-5B3AFBA55731}"
EndProject
Global
	GlobalSection(SolutionConfigurationPlatforms) = preSolution
		Debug|Any CPU = Debug|Any CPU
		Release|Any CPU = Release|Any CPU
	EndGlobalSection
	GlobalSection(ProjectConfigurationPlatforms) = postSolution
		{4243FC51-D3AC-462A-A6BF-7B5EA6D13913}.Debug|Any CPU.ActiveCfg = Debug|Any CPU
		{4243FC51-D3AC-462A-A6BF-7B5EA6D13913}.Debug|Any CPU.Build.0 = Debug|Any CPU
		{4243FC51-D3AC-462A-A6BF-7B5EA6D13913}.Release|Any CPU.ActiveCfg = Release|Any CPU
		{4243FC51-D3AC-462A-A6BF-7B5EA6D13913}.Release|Any CPU.Build.0 = Release|Any CPU
		{5EB019E1-24D5-4272-A98C-5B3AFBA55731}.Debug|Any CPU.ActiveCfg = Debug|Any CPU
		{5EB019E1-24D5-4272-A98C-5B3AFBA55731}.Debug|Any CPU.Build.0 = Debug|Any CPU
		{5EB019E1-24D5-4272-A98C-5B3AFBA55731}.Debug|Any CPU.Deploy.0 = Debug|Any CPU
		{5EB019E1-24D5-4272-A98C-5B3AFBA55731}.Release|Any CPU.ActiveCfg = Release|Any CPU
		{5EB019E1-24D5-4272-A98C-5B3AFBA55731}.Release|Any CPU.Build.0 = Release|Any CPU
		{5EB019E1-24D5-4272-A98C-5B3AFBA55731}.Release|Any CPU.Deploy.0 = Release|Any CPU
	EndGlobalSection
	GlobalSection(SolutionProperties) = preSolution
		HideSolutionNode = FALSE
	EndGlobalSection
	GlobalSection(ExtensibilityGlobals) = postSolution
		SolutionGuid = {50AB866D-173D-4B27-B6AF-DFAC5446167D}
	EndGlobalSection
EndGlobal
