
Microsoft Visual Studio Solution File, Format Version 12.00
# Visual Studio 15
VisualStudioVersion = 15.0.27130.2020
MinimumVisualStudioVersion = 10.0.40219.1
Project("{FAE04EC0-301F-11D3-BF4B-00C04F79EFBC}") = "VTBoard", "VTBoard\VTBoard\VTBoard.csproj", "{21A5F60A-0D5F-4839-9BD8-5F6475DA6759}"
EndProject
Project("{FAE04EC0-301F-11D3-BF4B-00C04F79EFBC}") = "VTBoard.Android", "VTBoard\VTBoard.Android\VTBoard.Android.csproj", "{B970766A-E261-40E1-A02B-34FE3DE0E6BE}"
EndProject
Global
	GlobalSection(SolutionConfigurationPlatforms) = preSolution
		Debug|Any CPU = Debug|Any CPU
		Release|Any CPU = Release|Any CPU
	EndGlobalSection
	GlobalSection(ProjectConfigurationPlatforms) = postSolution
		{21A5F60A-0D5F-4839-9BD8-5F6475DA6759}.Debug|Any CPU.ActiveCfg = Debug|Any CPU
		{21A5F60A-0D5F-4839-9BD8-5F6475DA6759}.Debug|Any CPU.Build.0 = Debug|Any CPU
		{21A5F60A-0D5F-4839-9BD8-5F6475DA6759}.Release|Any CPU.ActiveCfg = Release|Any CPU
		{21A5F60A-0D5F-4839-9BD8-5F6475DA6759}.Release|Any CPU.Build.0 = Release|Any CPU
		{B970766A-E261-40E1-A02B-34FE3DE0E6BE}.Debug|Any CPU.ActiveCfg = Debug|Any CPU
		{B970766A-E261-40E1-A02B-34FE3DE0E6BE}.Debug|Any CPU.Build.0 = Debug|Any CPU
		{B970766A-E261-40E1-A02B-34FE3DE0E6BE}.Debug|Any CPU.Deploy.0 = Debug|Any CPU
		{B970766A-E261-40E1-A02B-34FE3DE0E6BE}.Release|Any CPU.ActiveCfg = Release|Any CPU
		{B970766A-E261-40E1-A02B-34FE3DE0E6BE}.Release|Any CPU.Build.0 = Release|Any CPU
		{B970766A-E261-40E1-A02B-34FE3DE0E6BE}.Release|Any CPU.Deploy.0 = Release|Any CPU
	EndGlobalSection
	GlobalSection(SolutionProperties) = preSolution
		HideSolutionNode = FALSE
	EndGlobalSection
	GlobalSection(ExtensibilityGlobals) = postSolution
		SolutionGuid = {50AB866D-173D-4B27-B6AF-DFAC5446167D}
	EndGlobalSection
EndGlobal
